# THIS IS AN AUTOGENERATED FILE. DO NOT EDIT THIS FILE DIRECTLY.
# yarn lockfile v1


"@babel/runtime@^7.3.1", "@babel/runtime@^7.4.5":
  version "7.4.5"
  resolved "https://registry.yarnpkg.com/@babel/runtime/-/runtime-7.4.5.tgz#582bb531f5f9dc67d2fcb682979894f75e253f12"
  dependencies:
    regenerator-runtime "^0.13.2"

"@polkadot/api-derive@^0.81.1":
  version "0.81.1"
  resolved "https://registry.yarnpkg.com/@polkadot/api-derive/-/api-derive-0.81.1.tgz#0b29de12c024fffab196a7f9c0a48ea80311a418"
  dependencies:
    "@babel/runtime" "^7.4.5"
    "@polkadot/api" "^0.81.1"
    "@polkadot/types" "^0.81.1"
    "@types/memoizee" "^0.4.2"
    memoizee "^0.4.14"

"@polkadot/api@0.81.1", "@polkadot/api@^0.81.1":
  version "0.81.1"
  resolved "https://registry.yarnpkg.com/@polkadot/api/-/api-0.81.1.tgz#bc4feefd6d3aa2c69093a9f8a79bbc581ea72f2b"
  dependencies:
    "@babel/runtime" "^7.4.5"
    "@polkadot/api-derive" "^0.81.1"
    "@polkadot/extrinsics" "^0.81.1"
    "@polkadot/rpc-provider" "^0.81.1"
    "@polkadot/rpc-rx" "^0.81.1"
    "@polkadot/storage" "^0.81.1"
    "@polkadot/types" "^0.81.1"
    "@polkadot/util-crypto" "^0.93.1"

"@polkadot/extrinsics@^0.81.1":
  version "0.81.1"
  resolved "https://registry.yarnpkg.com/@polkadot/extrinsics/-/extrinsics-0.81.1.tgz#5834c929151d201e8e0edc044131ed01f20c85f9"
  dependencies:
    "@babel/runtime" "^7.4.5"
    "@polkadot/types" "^0.81.1"
    "@polkadot/util" "^0.93.1"

"@polkadot/jsonrpc@^0.81.1":
  version "0.81.1"
  resolved "https://registry.yarnpkg.com/@polkadot/jsonrpc/-/jsonrpc-0.81.1.tgz#804bac1c698859220085d8bc3cb37725519b0dee"
  dependencies:
    "@babel/runtime" "^7.4.5"

"@polkadot/rpc-core@^0.81.1":
  version "0.81.1"
  resolved "https://registry.yarnpkg.com/@polkadot/rpc-core/-/rpc-core-0.81.1.tgz#85421218378090c507590a84afae89576cf786be"
  dependencies:
    "@babel/runtime" "^7.4.5"
    "@polkadot/jsonrpc" "^0.81.1"
    "@polkadot/rpc-provider" "^0.81.1"
    "@polkadot/types" "^0.81.1"
    "@polkadot/util" "^0.93.1"

"@polkadot/rpc-provider@^0.81.1":
  version "0.81.1"
  resolved "https://registry.yarnpkg.com/@polkadot/rpc-provider/-/rpc-provider-0.81.1.tgz#1605c858d3732dd28415d209ff9162dace49df6f"
  dependencies:
    "@babel/runtime" "^7.4.5"
    "@polkadot/storage" "^0.81.1"
    "@polkadot/util" "^0.93.1"
    "@polkadot/util-crypto" "^0.93.1"
    "@types/nock" "^10.0.3"
    eventemitter3 "^3.1.0"
    isomorphic-fetch "^2.2.1"
    websocket "^1.0.28"

"@polkadot/rpc-rx@^0.81.1":
  version "0.81.1"
  resolved "https://registry.yarnpkg.com/@polkadot/rpc-rx/-/rpc-rx-0.81.1.tgz#08610053e7a68e15881d0def3f4d793d4821ef0a"
  dependencies:
    "@babel/runtime" "^7.4.5"
    "@polkadot/rpc-core" "^0.81.1"
    "@polkadot/rpc-provider" "^0.81.1"
    "@types/memoizee" "^0.4.2"
    "@types/rx" "^4.1.1"
    memoizee "^0.4.14"
    rxjs "^6.5.2"

"@polkadot/storage@^0.81.1":
  version "0.81.1"
  resolved "https://registry.yarnpkg.com/@polkadot/storage/-/storage-0.81.1.tgz#ffb5b7f63fcb35043c5cad52b7f6ff3c9e0e6070"
  dependencies:
    "@babel/runtime" "^7.4.5"
    "@polkadot/types" "^0.81.1"
    "@polkadot/util" "^0.93.1"
    "@polkadot/util-crypto" "^0.93.1"

"@polkadot/types@^0.81.1":
  version "0.81.1"
  resolved "https://registry.yarnpkg.com/@polkadot/types/-/types-0.81.1.tgz#63505692224e047dd7b4631e7dbbd0b095f9149c"
  dependencies:
    "@babel/runtime" "^7.4.5"
    "@polkadot/util" "^0.93.1"
    "@polkadot/util-crypto" "^0.93.1"

"@polkadot/util-crypto@^0.93.1":
  version "0.93.1"
  resolved "https://registry.yarnpkg.com/@polkadot/util-crypto/-/util-crypto-0.93.1.tgz#5cd2506f601cd80b28f0556bb8dd3187857059a4"
  dependencies:
    "@babel/runtime" "^7.4.5"
    "@polkadot/util" "^0.93.1"
    "@polkadot/wasm-crypto" "^0.11.1"
    "@types/bip39" "^2.4.2"
    "@types/pbkdf2" "^3.0.0"
    "@types/secp256k1" "^3.5.0"
    "@types/xxhashjs" "^0.2.1"
    bip39 "^2.5.0"
    blakejs "^1.1.0"
    js-sha3 "^0.8.0"
    secp256k1 "^3.7.0"
    tweetnacl "^1.0.1"
    xxhashjs "^0.2.2"

"@polkadot/util@^0.93.1":
  version "0.93.1"
  resolved "https://registry.yarnpkg.com/@polkadot/util/-/util-0.93.1.tgz#d07d633b35e02640da1361259750c061022d4e05"
  dependencies:
    "@babel/runtime" "^7.4.5"
    "@types/bn.js" "^4.11.5"
    "@types/deasync" "^0.1.0"
    bn.js "^4.11.8"
    camelcase "^5.3.1"
    chalk "^2.4.2"
    ip-regex "^4.1.0"
    moment "^2.24.0"

"@polkadot/wasm-crypto@^0.11.1":
  version "0.11.1"
  resolved "https://registry.yarnpkg.com/@polkadot/wasm-crypto/-/wasm-crypto-0.11.1.tgz#5f5544659a81b5706e757577f880001de21cd298"

"@types/bip39@^2.4.2":
  version "2.4.2"
  resolved "https://registry.yarnpkg.com/@types/bip39/-/bip39-2.4.2.tgz#f5d6617212be496bb998d3969f657f77a10c5287"
  dependencies:
    "@types/node" "*"

"@types/bn.js@^4.11.4", "@types/bn.js@^4.11.5":
  version "4.11.5"
  resolved "https://registry.yarnpkg.com/@types/bn.js/-/bn.js-4.11.5.tgz#40e36197433f78f807524ec623afcf0169ac81dc"
  dependencies:
    "@types/node" "*"

"@types/deasync@^0.1.0":
  version "0.1.0"
  resolved "https://registry.yarnpkg.com/@types/deasync/-/deasync-0.1.0.tgz#b2bd6c3fcde3cf67b8be4c2f70136ba8f157b45a"

"@types/memoizee@^0.4.2":
  version "0.4.2"
  resolved "https://registry.yarnpkg.com/@types/memoizee/-/memoizee-0.4.2.tgz#a500158999a8144a9b46cf9a9fb49b15f1853573"

"@types/nock@^10.0.3":
  version "10.0.3"
  resolved "https://registry.yarnpkg.com/@types/nock/-/nock-10.0.3.tgz#dab1d18ffbccfbf2db811dab9584304eeb6e1c4c"
  dependencies:
    "@types/node" "*"

"@types/node@*":
  version "12.0.8"
  resolved "https://registry.yarnpkg.com/@types/node/-/node-12.0.8.tgz#551466be11b2adc3f3d47156758f610bd9f6b1d8"

"@types/node@^10.12.18":
  version "10.14.9"
  resolved "https://registry.yarnpkg.com/@types/node/-/node-10.14.9.tgz#2e8d678039d27943ce53a1913386133227fd9066"

"@types/pbkdf2@^3.0.0":
  version "3.0.0"
  resolved "https://registry.yarnpkg.com/@types/pbkdf2/-/pbkdf2-3.0.0.tgz#5d9ca5f12a78a08cc89ad72883ad4a30af359229"
  dependencies:
    "@types/node" "*"

"@types/rx-core-binding@*":
  version "4.0.4"
  resolved "https://registry.yarnpkg.com/@types/rx-core-binding/-/rx-core-binding-4.0.4.tgz#d969d32f15a62b89e2862c17b3ee78fe329818d3"
  dependencies:
    "@types/rx-core" "*"

"@types/rx-core@*":
  version "4.0.3"
  resolved "https://registry.yarnpkg.com/@types/rx-core/-/rx-core-4.0.3.tgz#0b3354b1238cedbe2b74f6326f139dbc7a591d60"

"@types/rx-lite-aggregates@*":
  version "4.0.3"
  resolved "https://registry.yarnpkg.com/@types/rx-lite-aggregates/-/rx-lite-aggregates-4.0.3.tgz#6efb2b7f3d5f07183a1cb2bd4b1371d7073384c2"
  dependencies:
    "@types/rx-lite" "*"

"@types/rx-lite-async@*":
  version "4.0.2"
  resolved "https://registry.yarnpkg.com/@types/rx-lite-async/-/rx-lite-async-4.0.2.tgz#27fbf0caeff029f41e2d2aae638b05e91ceb600c"
  dependencies:
    "@types/rx-lite" "*"

"@types/rx-lite-backpressure@*":
  version "4.0.3"
  resolved "https://registry.yarnpkg.com/@types/rx-lite-backpressure/-/rx-lite-backpressure-4.0.3.tgz#05abb19bdf87cc740196c355e5d0b37bb50b5d56"
  dependencies:
    "@types/rx-lite" "*"

"@types/rx-lite-coincidence@*":
  version "4.0.3"
  resolved "https://registry.yarnpkg.com/@types/rx-lite-coincidence/-/rx-lite-coincidence-4.0.3.tgz#80bd69acc4054a15cdc1638e2dc8843498cd85c0"
  dependencies:
    "@types/rx-lite" "*"

"@types/rx-lite-experimental@*":
  version "4.0.1"
  resolved "https://registry.yarnpkg.com/@types/rx-lite-experimental/-/rx-lite-experimental-4.0.1.tgz#c532f5cbdf3f2c15da16ded8930d1b2984023cbd"
  dependencies:
    "@types/rx-lite" "*"

"@types/rx-lite-joinpatterns@*":
  version "4.0.1"
  resolved "https://registry.yarnpkg.com/@types/rx-lite-joinpatterns/-/rx-lite-joinpatterns-4.0.1.tgz#f70fe370518a8432f29158cc92ffb56b4e4afc3e"
  dependencies:
    "@types/rx-lite" "*"

"@types/rx-lite-testing@*":
  version "4.0.1"
  resolved "https://registry.yarnpkg.com/@types/rx-lite-testing/-/rx-lite-testing-4.0.1.tgz#21b19d11f4dfd6ffef5a9d1648e9c8879bfe21e9"
  dependencies:
    "@types/rx-lite-virtualtime" "*"

"@types/rx-lite-time@*":
  version "4.0.3"
  resolved "https://registry.yarnpkg.com/@types/rx-lite-time/-/rx-lite-time-4.0.3.tgz#0eda65474570237598f3448b845d2696f2dbb1c4"
  dependencies:
    "@types/rx-lite" "*"

"@types/rx-lite-virtualtime@*":
  version "4.0.3"
  resolved "https://registry.yarnpkg.com/@types/rx-lite-virtualtime/-/rx-lite-virtualtime-4.0.3.tgz#4b30cacd0fe2e53af29f04f7438584c7d3959537"
  dependencies:
    "@types/rx-lite" "*"

"@types/rx-lite@*":
  version "4.0.6"
  resolved "https://registry.yarnpkg.com/@types/rx-lite/-/rx-lite-4.0.6.tgz#3c02921c4244074234f26b772241bcc20c18c253"
  dependencies:
    "@types/rx-core" "*"
    "@types/rx-core-binding" "*"

"@types/rx@^4.1.1":
  version "4.1.1"
  resolved "https://registry.yarnpkg.com/@types/rx/-/rx-4.1.1.tgz#598fc94a56baed975f194574e0f572fd8e627a48"
  dependencies:
    "@types/rx-core" "*"
    "@types/rx-core-binding" "*"
    "@types/rx-lite" "*"
    "@types/rx-lite-aggregates" "*"
    "@types/rx-lite-async" "*"
    "@types/rx-lite-backpressure" "*"
    "@types/rx-lite-coincidence" "*"
    "@types/rx-lite-experimental" "*"
    "@types/rx-lite-joinpatterns" "*"
    "@types/rx-lite-testing" "*"
    "@types/rx-lite-time" "*"
    "@types/rx-lite-virtualtime" "*"

"@types/secp256k1@^3.5.0":
  version "3.5.0"
  resolved "https://registry.yarnpkg.com/@types/secp256k1/-/secp256k1-3.5.0.tgz#0f3baf16b07488c6da2633a63b4160bcf8d0fd5b"
  dependencies:
    "@types/node" "*"

"@types/xxhashjs@^0.2.1":
  version "0.2.1"
  resolved "https://registry.yarnpkg.com/@types/xxhashjs/-/xxhashjs-0.2.1.tgz#6cd06b2eca5228765ff45960cf2c2a557ddf109a"
  dependencies:
    "@types/node" "*"

ansi-escapes@^3.2.0:
  version "3.2.0"
  resolved "https://registry.yarnpkg.com/ansi-escapes/-/ansi-escapes-3.2.0.tgz#8780b98ff9dbf5638152d1f1fe5c1d7b4442976b"

ansi-regex@^3.0.0:
  version "3.0.0"
  resolved "https://registry.yarnpkg.com/ansi-regex/-/ansi-regex-3.0.0.tgz#ed0317c322064f79466c02966bddb605ab37d998"

ansi-regex@^4.1.0:
  version "4.1.0"
  resolved "https://registry.yarnpkg.com/ansi-regex/-/ansi-regex-4.1.0.tgz#8b9f8f08cf1acb843756a839ca8c7e3168c51997"

ansi-styles@^3.2.1:
  version "3.2.1"
  resolved "https://registry.yarnpkg.com/ansi-styles/-/ansi-styles-3.2.1.tgz#41fbb20243e50b12be0f04b8dedbf07520ce841d"
  dependencies:
    color-convert "^1.9.0"

base-x@^3.0.2:
  version "3.0.7"
  resolved "https://registry.yarnpkg.com/base-x/-/base-x-3.0.7.tgz#1c5a7fafe8f66b4114063e8da102799d4e7c408f"
  integrity sha512-zAKJGuQPihXW22fkrfOclUUZXM2g92z5GzlSMHxhO6r6Qj+Nm0ccaGNBzDZojzwOMkpjAv4J0fOv1U4go+a4iw==
  dependencies:
    safe-buffer "^5.0.1"

bindings@^1.5.0:
  version "1.5.0"
  resolved "https://registry.yarnpkg.com/bindings/-/bindings-1.5.0.tgz#10353c9e945334bc0511a6d90b38fbc7c9c504df"
  dependencies:
    file-uri-to-path "1.0.0"

bip39@^2.5.0:
  version "2.6.0"
  resolved "https://registry.yarnpkg.com/bip39/-/bip39-2.6.0.tgz#9e3a720b42ec8b3fbe4038f1e445317b6a99321c"
  dependencies:
    create-hash "^1.1.0"
    pbkdf2 "^3.0.9"
    randombytes "^2.0.1"
    safe-buffer "^5.0.1"
    unorm "^1.3.3"

bip66@^1.1.5:
  version "1.1.5"
  resolved "https://registry.yarnpkg.com/bip66/-/bip66-1.1.5.tgz#01fa8748785ca70955d5011217d1b3139969ca22"
  dependencies:
    safe-buffer "^5.0.1"

blakejs@^1.1.0:
  version "1.1.0"
  resolved "https://registry.yarnpkg.com/blakejs/-/blakejs-1.1.0.tgz#69df92ef953aa88ca51a32df6ab1c54a155fc7a5"

bn.js@4.11.6:
  version "4.11.6"
  resolved "https://registry.yarnpkg.com/bn.js/-/bn.js-4.11.6.tgz#53344adb14617a13f6e8dd2ce28905d1c0ba3215"

bn.js@4.11.8:
  version "4.11.8"
  resolved "https://registry.yarnpkg.com/bn.js/-/bn.js-4.11.8.tgz#2cde09eb5ee341f484746bb0309b3253b1b1442f"

bn.js@^4.11.6, bn.js@^4.11.8, bn.js@^4.11.9:
  version "4.12.0"
  resolved "https://registry.yarnpkg.com/bn.js/-/bn.js-4.12.0.tgz#775b3f278efbb9718eec7361f483fb36fbbfea88"
  integrity sha512-c98Bf3tPniI+scsdk237ku1Dc3ujXQTSgyiPUDEOe7tRkhrqridvh8klBv0HCEso1OLOYcHuCv/cS6DNxKH+ZA==

brorand@^1.1.0:
  version "1.1.0"
  resolved "https://registry.yarnpkg.com/brorand/-/brorand-1.1.0.tgz#12c25efe40a45e3c323eb8675a0a0ce57b22371f"
  integrity sha1-EsJe/kCkXjwyPrhnWgoM5XsiNx8=

browserify-aes@^1.0.6:
  version "1.2.0"
  resolved "https://registry.yarnpkg.com/browserify-aes/-/browserify-aes-1.2.0.tgz#326734642f403dabc3003209853bb70ad428ef48"
  dependencies:
    buffer-xor "^1.0.3"
    cipher-base "^1.0.0"
    create-hash "^1.1.0"
    evp_bytestokey "^1.0.3"
    inherits "^2.0.1"
    safe-buffer "^5.0.1"

bs58@^4.0.1:
  version "4.0.1"
  resolved "https://registry.yarnpkg.com/bs58/-/bs58-4.0.1.tgz#be161e76c354f6f788ae4071f63f34e8c4f0a42a"
  integrity sha1-vhYedsNU9veIrkBx9j806MTwpCo=
  dependencies:
    base-x "^3.0.2"

buffer-to-arraybuffer@^0.0.5:
  version "0.0.5"
  resolved "https://registry.yarnpkg.com/buffer-to-arraybuffer/-/buffer-to-arraybuffer-0.0.5.tgz#6064a40fa76eb43c723aba9ef8f6e1216d10511a"

buffer-xor@^1.0.3:
  version "1.0.3"
  resolved "https://registry.yarnpkg.com/buffer-xor/-/buffer-xor-1.0.3.tgz#26e61ed1422fb70dd42e6e36729ed51d855fe8d9"

camelcase@^5.3.1:
  version "5.3.1"
  resolved "https://registry.yarnpkg.com/camelcase/-/camelcase-5.3.1.tgz#e3c9b31569e106811df242f715725a1f4c494320"

chalk@^2.4.2:
  version "2.4.2"
  resolved "https://registry.yarnpkg.com/chalk/-/chalk-2.4.2.tgz#cd42541677a54333cf541a49108c1432b44c9424"
  dependencies:
    ansi-styles "^3.2.1"
    escape-string-regexp "^1.0.5"
    supports-color "^5.3.0"

chardet@^0.7.0:
  version "0.7.0"
  resolved "https://registry.yarnpkg.com/chardet/-/chardet-0.7.0.tgz#90094849f0937f2eedc2425d0d28a9e5f0cbad9e"

cipher-base@^1.0.0, cipher-base@^1.0.1, cipher-base@^1.0.3:
  version "1.0.4"
  resolved "https://registry.yarnpkg.com/cipher-base/-/cipher-base-1.0.4.tgz#8760e4ecc272f4c363532f926d874aae2c1397de"
  dependencies:
    inherits "^2.0.1"
    safe-buffer "^5.0.1"

cli-cursor@^2.1.0:
  version "2.1.0"
  resolved "https://registry.yarnpkg.com/cli-cursor/-/cli-cursor-2.1.0.tgz#b35dac376479facc3e94747d41d0d0f5238ffcb5"
  dependencies:
    restore-cursor "^2.0.0"

cli-width@^2.0.0:
  version "2.2.0"
  resolved "https://registry.yarnpkg.com/cli-width/-/cli-width-2.2.0.tgz#ff19ede8a9a5e579324147b0c11f0fbcbabed639"

color-convert@^1.9.0:
  version "1.9.3"
  resolved "https://registry.yarnpkg.com/color-convert/-/color-convert-1.9.3.tgz#bb71850690e1f136567de629d2d5471deda4c1e8"
  dependencies:
    color-name "1.1.3"

color-name@1.1.3:
  version "1.1.3"
  resolved "https://registry.yarnpkg.com/color-name/-/color-name-1.1.3.tgz#a7d0558bd89c42f795dd42328f740831ca53bc25"

create-hash@^1.1.0, create-hash@^1.1.2, create-hash@^1.2.0:
  version "1.2.0"
  resolved "https://registry.yarnpkg.com/create-hash/-/create-hash-1.2.0.tgz#889078af11a63756bcfb59bd221996be3a9ef196"
  dependencies:
    cipher-base "^1.0.1"
    inherits "^2.0.1"
    md5.js "^1.3.4"
    ripemd160 "^2.0.1"
    sha.js "^2.4.0"

create-hmac@^1.1.4:
  version "1.1.7"
  resolved "https://registry.yarnpkg.com/create-hmac/-/create-hmac-1.1.7.tgz#69170c78b3ab957147b2b8b04572e47ead2243ff"
  dependencies:
    cipher-base "^1.0.3"
    create-hash "^1.1.0"
    inherits "^2.0.1"
    ripemd160 "^2.0.0"
    safe-buffer "^5.0.1"
    sha.js "^2.4.8"

cuint@^0.2.2:
  version "0.2.2"
  resolved "https://registry.yarnpkg.com/cuint/-/cuint-0.2.2.tgz#408086d409550c2631155619e9fa7bcadc3b991b"

d@1:
  version "1.0.1"
  resolved "https://registry.yarnpkg.com/d/-/d-1.0.1.tgz#8698095372d58dbee346ffd0c7093f99f8f9eb5a"
  dependencies:
    es5-ext "^0.10.50"
    type "^1.0.1"

debug@^2.2.0:
  version "2.6.9"
  resolved "https://registry.yarnpkg.com/debug/-/debug-2.6.9.tgz#5d128515df134ff327e90a4c93f4e077a536341f"
  dependencies:
    ms "2.0.0"

decode-uri-component@^0.2.0:
  version "0.2.0"
  resolved "https://registry.yarnpkg.com/decode-uri-component/-/decode-uri-component-0.2.0.tgz#eb3913333458775cb84cd1a1fae062106bb87545"

decompress-response@^3.3.0:
  version "3.3.0"
  resolved "https://registry.yarnpkg.com/decompress-response/-/decompress-response-3.3.0.tgz#80a4dd323748384bfa248083622aedec982adff3"
  dependencies:
    mimic-response "^1.0.0"

define-properties@^1.1.2:
  version "1.1.3"
  resolved "https://registry.yarnpkg.com/define-properties/-/define-properties-1.1.3.tgz#cf88da6cbee26fe6db7094f61d870cbd84cee9f1"
  dependencies:
    object-keys "^1.0.12"

dom-walk@^0.1.0:
  version "0.1.1"
  resolved "https://registry.yarnpkg.com/dom-walk/-/dom-walk-0.1.1.tgz#672226dc74c8f799ad35307df936aba11acd6018"

drbg.js@^1.0.1:
  version "1.0.1"
  resolved "https://registry.yarnpkg.com/drbg.js/-/drbg.js-1.0.1.tgz#3e36b6c42b37043823cdbc332d58f31e2445480b"
  dependencies:
    browserify-aes "^1.0.6"
    create-hash "^1.1.2"
    create-hmac "^1.1.4"

elliptic@^6.4.0, elliptic@^6.4.1:
  version "6.5.4"
  resolved "https://registry.yarnpkg.com/elliptic/-/elliptic-6.5.4.tgz#da37cebd31e79a1367e941b592ed1fbebd58abbb"
  integrity sha512-iLhC6ULemrljPZb+QutR5TQGB+pdW6KGD5RSegS+8sorOZT+rdQFbsQFJgvN3eRqNALqJer4oQ16YvJHlU8hzQ==
  dependencies:
    bn.js "^4.11.9"
    brorand "^1.1.0"
    hash.js "^1.0.0"
    hmac-drbg "^1.0.1"
    inherits "^2.0.4"
    minimalistic-assert "^1.0.1"
    minimalistic-crypto-utils "^1.0.1"

encoding@^0.1.11:
  version "0.1.12"
  resolved "https://registry.yarnpkg.com/encoding/-/encoding-0.1.12.tgz#538b66f3ee62cd1ab51ec323829d1f9480c74beb"
  dependencies:
    iconv-lite "~0.4.13"

es-abstract@^1.5.0:
  version "1.13.0"
  resolved "https://registry.yarnpkg.com/es-abstract/-/es-abstract-1.13.0.tgz#ac86145fdd5099d8dd49558ccba2eaf9b88e24e9"
  dependencies:
    es-to-primitive "^1.2.0"
    function-bind "^1.1.1"
    has "^1.0.3"
    is-callable "^1.1.4"
    is-regex "^1.0.4"
    object-keys "^1.0.12"

es-to-primitive@^1.2.0:
  version "1.2.0"
  resolved "https://registry.yarnpkg.com/es-to-primitive/-/es-to-primitive-1.2.0.tgz#edf72478033456e8dda8ef09e00ad9650707f377"
  dependencies:
    is-callable "^1.1.4"
    is-date-object "^1.0.1"
    is-symbol "^1.0.2"

es5-ext@^0.10.35, es5-ext@^0.10.45, es5-ext@^0.10.46, es5-ext@^0.10.50, es5-ext@~0.10.14, es5-ext@~0.10.2, es5-ext@~0.10.46:
  version "0.10.50"
  resolved "https://registry.yarnpkg.com/es5-ext/-/es5-ext-0.10.50.tgz#6d0e23a0abdb27018e5ac4fd09b412bc5517a778"
  dependencies:
    es6-iterator "~2.0.3"
    es6-symbol "~3.1.1"
    next-tick "^1.0.0"

es6-iterator@^2.0.3, es6-iterator@~2.0.3:
  version "2.0.3"
  resolved "https://registry.yarnpkg.com/es6-iterator/-/es6-iterator-2.0.3.tgz#a7de889141a05a94b0854403b2d0a0fbfa98f3b7"
  dependencies:
    d "1"
    es5-ext "^0.10.35"
    es6-symbol "^3.1.1"

es6-symbol@^3.1.1, es6-symbol@~3.1.1:
  version "3.1.1"
  resolved "https://registry.yarnpkg.com/es6-symbol/-/es6-symbol-3.1.1.tgz#bf00ef4fdab6ba1b46ecb7b629b4c7ed5715cc77"
  dependencies:
    d "1"
    es5-ext "~0.10.14"

es6-weak-map@^2.0.2:
  version "2.0.3"
  resolved "https://registry.yarnpkg.com/es6-weak-map/-/es6-weak-map-2.0.3.tgz#b6da1f16cc2cc0d9be43e6bdbfc5e7dfcdf31d53"
  dependencies:
    d "1"
    es5-ext "^0.10.46"
    es6-iterator "^2.0.3"
    es6-symbol "^3.1.1"

escape-string-regexp@^1.0.5:
  version "1.0.5"
  resolved "https://registry.yarnpkg.com/escape-string-regexp/-/escape-string-regexp-1.0.5.tgz#1b61c0562190a8dff6ae3bb2cf0200ca130b86d4"

eth-lib@0.2.8:
  version "0.2.8"
  resolved "https://registry.yarnpkg.com/eth-lib/-/eth-lib-0.2.8.tgz#b194058bef4b220ad12ea497431d6cb6aa0623c8"
  dependencies:
    bn.js "^4.11.6"
    elliptic "^6.4.0"
    xhr-request-promise "^0.1.2"

ethjs-unit@^0.1.6:
  version "0.1.6"
  resolved "https://registry.yarnpkg.com/ethjs-unit/-/ethjs-unit-0.1.6.tgz#c665921e476e87bce2a9d588a6fe0405b2c41699"
  dependencies:
    bn.js "4.11.6"
    number-to-bn "1.7.0"

event-emitter@^0.3.5:
  version "0.3.5"
  resolved "https://registry.yarnpkg.com/event-emitter/-/event-emitter-0.3.5.tgz#df8c69eef1647923c7157b9ce83840610b02cc39"
  dependencies:
    d "1"
    es5-ext "~0.10.14"

eventemitter3@^3.1.0:
  version "3.1.2"
  resolved "https://registry.yarnpkg.com/eventemitter3/-/eventemitter3-3.1.2.tgz#2d3d48f9c346698fce83a85d7d664e98535df6e7"

evp_bytestokey@^1.0.3:
  version "1.0.3"
  resolved "https://registry.yarnpkg.com/evp_bytestokey/-/evp_bytestokey-1.0.3.tgz#7fcbdb198dc71959432efe13842684e0525acb02"
  dependencies:
    md5.js "^1.3.4"
    safe-buffer "^5.1.1"

external-editor@^3.0.3:
  version "3.0.3"
  resolved "https://registry.yarnpkg.com/external-editor/-/external-editor-3.0.3.tgz#5866db29a97826dbe4bf3afd24070ead9ea43a27"
  dependencies:
    chardet "^0.7.0"
    iconv-lite "^0.4.24"
    tmp "^0.0.33"

figures@^2.0.0:
  version "2.0.0"
  resolved "https://registry.yarnpkg.com/figures/-/figures-2.0.0.tgz#3ab1a2d2a62c8bfb431a0c94cb797a2fce27c962"
  dependencies:
    escape-string-regexp "^1.0.5"

file-uri-to-path@1.0.0:
  version "1.0.0"
  resolved "https://registry.yarnpkg.com/file-uri-to-path/-/file-uri-to-path-1.0.0.tgz#553a7b8446ff6f684359c445f1e37a05dacc33dd"

for-each@^0.3.3:
  version "0.3.3"
  resolved "https://registry.yarnpkg.com/for-each/-/for-each-0.3.3.tgz#69b447e88a0a5d32c3e7084f3f1710034b21376e"
  dependencies:
    is-callable "^1.1.3"

function-bind@^1.0.2, function-bind@^1.1.1:
  version "1.1.1"
  resolved "https://registry.yarnpkg.com/function-bind/-/function-bind-1.1.1.tgz#a56899d3ea3c9bab874bb9773b7c5ede92f4895d"

global@~4.3.0:
  version "4.3.2"
  resolved "https://registry.yarnpkg.com/global/-/global-4.3.2.tgz#e76989268a6c74c38908b1305b10fc0e394e9d0f"
  dependencies:
    min-document "^2.19.0"
    process "~0.5.1"

has-flag@^3.0.0:
  version "3.0.0"
  resolved "https://registry.yarnpkg.com/has-flag/-/has-flag-3.0.0.tgz#b5d454dc2199ae225699f3467e5a07f3b955bafd"

has-symbols@^1.0.0:
  version "1.0.0"
  resolved "https://registry.yarnpkg.com/has-symbols/-/has-symbols-1.0.0.tgz#ba1a8f1af2a0fc39650f5c850367704122063b44"

has@^1.0.1, has@^1.0.3:
  version "1.0.3"
  resolved "https://registry.yarnpkg.com/has/-/has-1.0.3.tgz#722d7cbfc1f6aa8241f16dd814e011e1f41e8796"
  dependencies:
    function-bind "^1.1.1"

hash-base@^3.0.0:
  version "3.0.4"
  resolved "https://registry.yarnpkg.com/hash-base/-/hash-base-3.0.4.tgz#5fc8686847ecd73499403319a6b0a3f3f6ae4918"
  dependencies:
    inherits "^2.0.1"
    safe-buffer "^5.0.1"

hash.js@^1.0.0, hash.js@^1.0.3:
  version "1.1.7"
  resolved "https://registry.yarnpkg.com/hash.js/-/hash.js-1.1.7.tgz#0babca538e8d4ee4a0f8988d68866537a003cf42"
  integrity sha512-taOaskGt4z4SOANNseOviYDvjEJinIkRgmp7LbKP2YTTmVxWBl87s/uzK9r+44BclBSp2X7K1hqeNfz9JbBeXA==
  dependencies:
    inherits "^2.0.3"
    minimalistic-assert "^1.0.1"

hmac-drbg@^1.0.1:
  version "1.0.1"
  resolved "https://registry.yarnpkg.com/hmac-drbg/-/hmac-drbg-1.0.1.tgz#d2745701025a6c775a6c545793ed502fc0c649a1"
  integrity sha1-0nRXAQJabHdabFRXk+1QL8DGSaE=
  dependencies:
    hash.js "^1.0.3"
    minimalistic-assert "^1.0.0"
    minimalistic-crypto-utils "^1.0.1"

iconv-lite@^0.4.24, iconv-lite@~0.4.13:
  version "0.4.24"
  resolved "https://registry.yarnpkg.com/iconv-lite/-/iconv-lite-0.4.24.tgz#2022b4b25fbddc21d2f524974a474aafe733908b"
  dependencies:
    safer-buffer ">= 2.1.2 < 3"

inherits@^2.0.1, inherits@^2.0.3, inherits@^2.0.4:
  version "2.0.4"
  resolved "https://registry.yarnpkg.com/inherits/-/inherits-2.0.4.tgz#0fa2c64f932917c3433a0ded55363aae37416b7c"
  integrity sha512-k/vGaX4/Yla3WzyMCvTQOXYeIHvqOKtnqBduzTHpzpQZzAskKMhZ2K+EnBiSM9zGSoIFeMpXKxa4dYeZIQqewQ==

inquirer@^6.3.1:
  version "6.3.1"
  resolved "https://registry.yarnpkg.com/inquirer/-/inquirer-6.3.1.tgz#7a413b5e7950811013a3db491c61d1f3b776e8e7"
  dependencies:
    ansi-escapes "^3.2.0"
    chalk "^2.4.2"
    cli-cursor "^2.1.0"
    cli-width "^2.0.0"
    external-editor "^3.0.3"
    figures "^2.0.0"
    lodash "^4.17.11"
    mute-stream "0.0.7"
    run-async "^2.2.0"
    rxjs "^6.4.0"
    string-width "^2.1.0"
    strip-ansi "^5.1.0"
    through "^2.3.6"

ip-regex@^4.1.0:
  version "4.1.0"
  resolved "https://registry.yarnpkg.com/ip-regex/-/ip-regex-4.1.0.tgz#5ad62f685a14edb421abebc2fff8db94df67b455"

is-callable@^1.1.3, is-callable@^1.1.4:
  version "1.1.4"
  resolved "https://registry.yarnpkg.com/is-callable/-/is-callable-1.1.4.tgz#1e1adf219e1eeb684d691f9d6a05ff0d30a24d75"

is-date-object@^1.0.1:
  version "1.0.1"
  resolved "https://registry.yarnpkg.com/is-date-object/-/is-date-object-1.0.1.tgz#9aa20eb6aeebbff77fbd33e74ca01b33581d3a16"

is-fullwidth-code-point@^2.0.0:
  version "2.0.0"
  resolved "https://registry.yarnpkg.com/is-fullwidth-code-point/-/is-fullwidth-code-point-2.0.0.tgz#a3b30a5c4f199183167aaab93beefae3ddfb654f"

is-function@^1.0.1:
  version "1.0.1"
  resolved "https://registry.yarnpkg.com/is-function/-/is-function-1.0.1.tgz#12cfb98b65b57dd3d193a3121f5f6e2f437602b5"

is-hex-prefixed@1.0.0:
  version "1.0.0"
  resolved "https://registry.yarnpkg.com/is-hex-prefixed/-/is-hex-prefixed-1.0.0.tgz#7d8d37e6ad77e5d127148913c573e082d777f554"

is-promise@^2.1, is-promise@^2.1.0:
  version "2.1.0"
  resolved "https://registry.yarnpkg.com/is-promise/-/is-promise-2.1.0.tgz#79a2a9ece7f096e80f36d2b2f3bc16c1ff4bf3fa"

is-regex@^1.0.4:
  version "1.0.4"
  resolved "https://registry.yarnpkg.com/is-regex/-/is-regex-1.0.4.tgz#5517489b547091b0930e095654ced25ee97e9491"
  dependencies:
    has "^1.0.1"

is-stream@^1.0.1:
  version "1.1.0"
  resolved "https://registry.yarnpkg.com/is-stream/-/is-stream-1.1.0.tgz#12d4a3dd4e68e0b79ceb8dbc84173ae80d91ca44"

is-symbol@^1.0.2:
  version "1.0.2"
  resolved "https://registry.yarnpkg.com/is-symbol/-/is-symbol-1.0.2.tgz#a055f6ae57192caee329e7a860118b497a950f38"
  dependencies:
    has-symbols "^1.0.0"

is-typedarray@^1.0.0:
  version "1.0.0"
  resolved "https://registry.yarnpkg.com/is-typedarray/-/is-typedarray-1.0.0.tgz#e479c80858df0c1b11ddda6940f96011fcda4a9a"

isomorphic-fetch@^2.2.1:
  version "2.2.1"
  resolved "https://registry.yarnpkg.com/isomorphic-fetch/-/isomorphic-fetch-2.2.1.tgz#611ae1acf14f5e81f729507472819fe9733558a9"
  dependencies:
    node-fetch "^1.0.1"
    whatwg-fetch ">=0.10.0"

js-sha3@^0.8.0:
  version "0.8.0"
  resolved "https://registry.yarnpkg.com/js-sha3/-/js-sha3-0.8.0.tgz#b9b7a5da73afad7dedd0f8c463954cbde6818840"

lodash@^4.17.11:
  version "4.17.15"
  resolved "https://registry.yarnpkg.com/lodash/-/lodash-4.17.15.tgz#b447f6670a0455bbfeedd11392eff330ea097548"
  integrity sha512-8xOcRHvCjnocdS5cpwXQXVzmmh5e5+saE2QGoeQmbKmRS6J3VQppPOIt0MnmE+4xlZoumy0GPG0D0MVIQbNA1A==

lru-queue@0.1:
  version "0.1.0"
  resolved "https://registry.yarnpkg.com/lru-queue/-/lru-queue-0.1.0.tgz#2738bd9f0d3cf4f84490c5736c48699ac632cda3"
  dependencies:
    es5-ext "~0.10.2"

md5.js@^1.3.4:
  version "1.3.5"
  resolved "https://registry.yarnpkg.com/md5.js/-/md5.js-1.3.5.tgz#b5d07b8e3216e3e27cd728d72f70d1e6a342005f"
  dependencies:
    hash-base "^3.0.0"
    inherits "^2.0.1"
    safe-buffer "^5.1.2"

memoizee@^0.4.14:
  version "0.4.14"
  resolved "https://registry.yarnpkg.com/memoizee/-/memoizee-0.4.14.tgz#07a00f204699f9a95c2d9e77218271c7cd610d57"
  dependencies:
    d "1"
    es5-ext "^0.10.45"
    es6-weak-map "^2.0.2"
    event-emitter "^0.3.5"
    is-promise "^2.1"
    lru-queue "0.1"
    next-tick "1"
    timers-ext "^0.1.5"

mimic-fn@^1.0.0:
  version "1.2.0"
  resolved "https://registry.yarnpkg.com/mimic-fn/-/mimic-fn-1.2.0.tgz#820c86a39334640e99516928bd03fca88057d022"

mimic-response@^1.0.0:
  version "1.0.1"
  resolved "https://registry.yarnpkg.com/mimic-response/-/mimic-response-1.0.1.tgz#4923538878eef42063cb8a3e3b0798781487ab1b"

min-document@^2.19.0:
  version "2.19.0"
  resolved "https://registry.yarnpkg.com/min-document/-/min-document-2.19.0.tgz#7bd282e3f5842ed295bb748cdd9f1ffa2c824685"
  dependencies:
    dom-walk "^0.1.0"

minimalistic-assert@^1.0.0, minimalistic-assert@^1.0.1:
  version "1.0.1"
  resolved "https://registry.yarnpkg.com/minimalistic-assert/-/minimalistic-assert-1.0.1.tgz#2e194de044626d4a10e7f7fbc00ce73e83e4d5c7"
  integrity sha512-UtJcAD4yEaGtjPezWuO9wC4nwUnVH/8/Im3yEHQP4b67cXlD/Qr9hdITCU1xDbSEXg2XKNaP8jsReV7vQd00/A==

minimalistic-crypto-utils@^1.0.1:
  version "1.0.1"
  resolved "https://registry.yarnpkg.com/minimalistic-crypto-utils/-/minimalistic-crypto-utils-1.0.1.tgz#f6c00c1c0b082246e5c4d99dfb8c7c083b2b582a"
  integrity sha1-9sAMHAsIIkblxNmd+4x8CDsrWCo=

moment@^2.24.0:
  version "2.24.0"
  resolved "https://registry.yarnpkg.com/moment/-/moment-2.24.0.tgz#0d055d53f5052aa653c9f6eb68bb5d12bf5c2b5b"

ms@2.0.0:
  version "2.0.0"
  resolved "https://registry.yarnpkg.com/ms/-/ms-2.0.0.tgz#5608aeadfc00be6c2901df5f9861788de0d597c8"

mute-stream@0.0.7:
  version "0.0.7"
  resolved "https://registry.yarnpkg.com/mute-stream/-/mute-stream-0.0.7.tgz#3075ce93bc21b8fab43e1bc4da7e8115ed1e7bab"

nan@^2.11.0, nan@^2.14.0:
  version "2.14.0"
  resolved "https://registry.yarnpkg.com/nan/-/nan-2.14.0.tgz#7818f722027b2459a86f0295d434d1fc2336c52c"

next-tick@1, next-tick@^1.0.0:
  version "1.0.0"
  resolved "https://registry.yarnpkg.com/next-tick/-/next-tick-1.0.0.tgz#ca86d1fe8828169b0120208e3dc8424b9db8342c"

node-fetch@^1.0.1:
  version "1.7.3"
  resolved "https://registry.yarnpkg.com/node-fetch/-/node-fetch-1.7.3.tgz#980f6f72d85211a5347c6b2bc18c5b84c3eb47ef"
  dependencies:
    encoding "^0.1.11"
    is-stream "^1.0.1"

number-to-bn@1.7.0:
  version "1.7.0"
  resolved "https://registry.yarnpkg.com/number-to-bn/-/number-to-bn-1.7.0.tgz#bb3623592f7e5f9e0030b1977bd41a0c53fe1ea0"
  dependencies:
    bn.js "4.11.6"
    strip-hex-prefix "1.0.0"

object-assign@^4.1.0, object-assign@^4.1.1:
  version "4.1.1"
  resolved "https://registry.yarnpkg.com/object-assign/-/object-assign-4.1.1.tgz#2109adc7965887cfc05cbbd442cac8bfbb360863"

object-keys@^1.0.12:
  version "1.1.1"
  resolved "https://registry.yarnpkg.com/object-keys/-/object-keys-1.1.1.tgz#1c47f272df277f3b1daf061677d9c82e2322c60e"

once@^1.3.1:
  version "1.4.0"
  resolved "https://registry.yarnpkg.com/once/-/once-1.4.0.tgz#583b1aa775961d4b113ac17d9c50baef9dd76bd1"
  dependencies:
    wrappy "1"

onetime@^2.0.0:
  version "2.0.1"
  resolved "https://registry.yarnpkg.com/onetime/-/onetime-2.0.1.tgz#067428230fd67443b2794b22bba528b6867962d4"
  dependencies:
    mimic-fn "^1.0.0"

os-tmpdir@~1.0.2:
  version "1.0.2"
  resolved "https://registry.yarnpkg.com/os-tmpdir/-/os-tmpdir-1.0.2.tgz#bbe67406c79aa85c5cfec766fe5734555dfa1274"

parse-headers@^2.0.0:
  version "2.0.2"
  resolved "https://registry.yarnpkg.com/parse-headers/-/parse-headers-2.0.2.tgz#9545e8a4c1ae5eaea7d24992bca890281ed26e34"
  dependencies:
    for-each "^0.3.3"
    string.prototype.trim "^1.1.2"

pbkdf2@^3.0.9:
  version "3.0.17"
  resolved "https://registry.yarnpkg.com/pbkdf2/-/pbkdf2-3.0.17.tgz#976c206530617b14ebb32114239f7b09336e93a6"
  dependencies:
    create-hash "^1.1.2"
    create-hmac "^1.1.4"
    ripemd160 "^2.0.1"
    safe-buffer "^5.0.1"
    sha.js "^2.4.8"

process@~0.5.1:
  version "0.5.2"
  resolved "https://registry.yarnpkg.com/process/-/process-0.5.2.tgz#1638d8a8e34c2f440a91db95ab9aeb677fc185cf"

query-string@^5.0.1:
  version "5.1.1"
  resolved "https://registry.yarnpkg.com/query-string/-/query-string-5.1.1.tgz#a78c012b71c17e05f2e3fa2319dd330682efb3cb"
  dependencies:
    decode-uri-component "^0.2.0"
    object-assign "^4.1.0"
    strict-uri-encode "^1.0.0"

randombytes@^2.0.1, randombytes@^2.1.0:
  version "2.1.0"
  resolved "https://registry.yarnpkg.com/randombytes/-/randombytes-2.1.0.tgz#df6f84372f0270dc65cdf6291349ab7a473d4f2a"
  dependencies:
    safe-buffer "^5.1.0"

regenerator-runtime@^0.13.2:
  version "0.13.2"
  resolved "https://registry.yarnpkg.com/regenerator-runtime/-/regenerator-runtime-0.13.2.tgz#32e59c9a6fb9b1a4aff09b4930ca2d4477343447"

restore-cursor@^2.0.0:
  version "2.0.0"
  resolved "https://registry.yarnpkg.com/restore-cursor/-/restore-cursor-2.0.0.tgz#9f7ee287f82fd326d4fd162923d62129eee0dfaf"
  dependencies:
    onetime "^2.0.0"
    signal-exit "^3.0.2"

ripemd160@^2.0.0, ripemd160@^2.0.1:
  version "2.0.2"
  resolved "https://registry.yarnpkg.com/ripemd160/-/ripemd160-2.0.2.tgz#a1c1a6f624751577ba5d07914cbc92850585890c"
  dependencies:
    hash-base "^3.0.0"
    inherits "^2.0.1"

run-async@^2.2.0:
  version "2.3.0"
  resolved "https://registry.yarnpkg.com/run-async/-/run-async-2.3.0.tgz#0371ab4ae0bdd720d4166d7dfda64ff7a445a6c0"
  dependencies:
    is-promise "^2.1.0"

rxjs@^6.4.0, rxjs@^6.5.2:
  version "6.5.2"
  resolved "https://registry.yarnpkg.com/rxjs/-/rxjs-6.5.2.tgz#2e35ce815cd46d84d02a209fb4e5921e051dbec7"
  dependencies:
    tslib "^1.9.0"

safe-buffer@^5.0.1, safe-buffer@^5.1.0, safe-buffer@^5.1.1, safe-buffer@^5.1.2:
  version "5.1.2"
  resolved "https://registry.yarnpkg.com/safe-buffer/-/safe-buffer-5.1.2.tgz#991ec69d296e0313747d59bdfd2b745c35f8828d"

"safer-buffer@>= 2.1.2 < 3":
  version "2.1.2"
  resolved "https://registry.yarnpkg.com/safer-buffer/-/safer-buffer-2.1.2.tgz#44fa161b0187b9549dd84bb91802f9bd8385cd6a"

secp256k1@^3.7.0:
  version "3.7.1"
  resolved "https://registry.yarnpkg.com/secp256k1/-/secp256k1-3.7.1.tgz#12e473e0e9a7c2f2d4d4818e722ad0e14cc1e2f1"
  dependencies:
    bindings "^1.5.0"
    bip66 "^1.1.5"
    bn.js "^4.11.8"
    create-hash "^1.2.0"
    drbg.js "^1.0.1"
    elliptic "^6.4.1"
    nan "^2.14.0"
    safe-buffer "^5.1.2"

sha.js@^2.4.0, sha.js@^2.4.8:
  version "2.4.11"
  resolved "https://registry.yarnpkg.com/sha.js/-/sha.js-2.4.11.tgz#37a5cf0b81ecbc6943de109ba2960d1b26584ae7"
  dependencies:
    inherits "^2.0.1"
    safe-buffer "^5.0.1"

signal-exit@^3.0.2:
  version "3.0.2"
  resolved "https://registry.yarnpkg.com/signal-exit/-/signal-exit-3.0.2.tgz#b5fdc08f1287ea1178628e415e25132b73646c6d"

simple-concat@^1.0.0:
  version "1.0.0"
  resolved "https://registry.yarnpkg.com/simple-concat/-/simple-concat-1.0.0.tgz#7344cbb8b6e26fb27d66b2fc86f9f6d5997521c6"

simple-get@^2.7.0:
  version "2.8.1"
  resolved "https://registry.yarnpkg.com/simple-get/-/simple-get-2.8.1.tgz#0e22e91d4575d87620620bc91308d57a77f44b5d"
  dependencies:
    decompress-response "^3.3.0"
    once "^1.3.1"
    simple-concat "^1.0.0"

strict-uri-encode@^1.0.0:
  version "1.1.0"
  resolved "https://registry.yarnpkg.com/strict-uri-encode/-/strict-uri-encode-1.1.0.tgz#279b225df1d582b1f54e65addd4352e18faa0713"

string-width@^2.1.0:
  version "2.1.1"
  resolved "https://registry.yarnpkg.com/string-width/-/string-width-2.1.1.tgz#ab93f27a8dc13d28cac815c462143a6d9012ae9e"
  dependencies:
    is-fullwidth-code-point "^2.0.0"
    strip-ansi "^4.0.0"

string.prototype.trim@^1.1.2:
  version "1.1.2"
  resolved "https://registry.yarnpkg.com/string.prototype.trim/-/string.prototype.trim-1.1.2.tgz#d04de2c89e137f4d7d206f086b5ed2fae6be8cea"
  dependencies:
    define-properties "^1.1.2"
    es-abstract "^1.5.0"
    function-bind "^1.0.2"

strip-ansi@^4.0.0:
  version "4.0.0"
  resolved "https://registry.yarnpkg.com/strip-ansi/-/strip-ansi-4.0.0.tgz#a8479022eb1ac368a871389b635262c505ee368f"
  dependencies:
    ansi-regex "^3.0.0"

strip-ansi@^5.1.0:
  version "5.2.0"
  resolved "https://registry.yarnpkg.com/strip-ansi/-/strip-ansi-5.2.0.tgz#8c9a536feb6afc962bdfa5b104a5091c1ad9c0ae"
  dependencies:
    ansi-regex "^4.1.0"

strip-hex-prefix@1.0.0:
  version "1.0.0"
  resolved "https://registry.yarnpkg.com/strip-hex-prefix/-/strip-hex-prefix-1.0.0.tgz#0c5f155fef1151373377de9dbb588da05500e36f"
  dependencies:
    is-hex-prefixed "1.0.0"

supports-color@^5.3.0:
  version "5.5.0"
  resolved "https://registry.yarnpkg.com/supports-color/-/supports-color-5.5.0.tgz#e2e69a44ac8772f78a1ec0b35b689df6530efc8f"
  dependencies:
    has-flag "^3.0.0"

through@^2.3.6:
  version "2.3.8"
  resolved "https://registry.yarnpkg.com/through/-/through-2.3.8.tgz#0dd4c9ffaabc357960b1b724115d7e0e86a2e1f5"

timed-out@^4.0.1:
  version "4.0.1"
  resolved "https://registry.yarnpkg.com/timed-out/-/timed-out-4.0.1.tgz#f32eacac5a175bea25d7fab565ab3ed8741ef56f"

timers-ext@^0.1.5:
  version "0.1.7"
  resolved "https://registry.yarnpkg.com/timers-ext/-/timers-ext-0.1.7.tgz#6f57ad8578e07a3fb9f91d9387d65647555e25c6"
  dependencies:
    es5-ext "~0.10.46"
    next-tick "1"

tmp@^0.0.33:
  version "0.0.33"
  resolved "https://registry.yarnpkg.com/tmp/-/tmp-0.0.33.tgz#6d34335889768d21b2bcda0aa277ced3b1bfadf9"
  dependencies:
    os-tmpdir "~1.0.2"

tslib@^1.9.0:
  version "1.10.0"
  resolved "https://registry.yarnpkg.com/tslib/-/tslib-1.10.0.tgz#c3c19f95973fb0a62973fb09d90d961ee43e5c8a"

tweetnacl@^1.0.1:
  version "1.0.1"
  resolved "https://registry.yarnpkg.com/tweetnacl/-/tweetnacl-1.0.1.tgz#2594d42da73cd036bd0d2a54683dd35a6b55ca17"

type@^1.0.1:
  version "1.0.1"
  resolved "https://registry.yarnpkg.com/type/-/type-1.0.1.tgz#084c9a17fcc9151a2cdb1459905c2e45e4bb7d61"

typedarray-to-buffer@^3.1.5:
  version "3.1.5"
  resolved "https://registry.yarnpkg.com/typedarray-to-buffer/-/typedarray-to-buffer-3.1.5.tgz#a97ee7a9ff42691b9f783ff1bc5112fe3fca9080"
  dependencies:
    is-typedarray "^1.0.0"

unorm@^1.3.3:
  version "1.5.0"
  resolved "https://registry.yarnpkg.com/unorm/-/unorm-1.5.0.tgz#01fa9b76f1c60f7916834605c032aa8962c3f00a"

url-set-query@^1.0.0:
  version "1.0.0"
  resolved "https://registry.yarnpkg.com/url-set-query/-/url-set-query-1.0.0.tgz#016e8cfd7c20ee05cafe7795e892bd0702faa339"

utf8@2.1.1:
  version "2.1.1"
  resolved "https://registry.yarnpkg.com/utf8/-/utf8-2.1.1.tgz#2e01db02f7d8d0944f77104f1609eb0c304cf768"

web3-utils@^1.0.0-beta.55:
  version "1.0.0-beta.55"
  resolved "https://registry.yarnpkg.com/web3-utils/-/web3-utils-1.0.0-beta.55.tgz#beb40926b7c04208b752d36a9bc959d27a04b308"
  dependencies:
    "@babel/runtime" "^7.3.1"
    "@types/bn.js" "^4.11.4"
    "@types/node" "^10.12.18"
    bn.js "4.11.8"
    eth-lib "0.2.8"
    ethjs-unit "^0.1.6"
    lodash "^4.17.11"
    number-to-bn "1.7.0"
    randombytes "^2.1.0"
    utf8 "2.1.1"

websocket@^1.0.28:
  version "1.0.28"
  resolved "https://registry.yarnpkg.com/websocket/-/websocket-1.0.28.tgz#9e5f6fdc8a3fe01d4422647ef93abdd8d45a78d3"
  dependencies:
    debug "^2.2.0"
    nan "^2.11.0"
    typedarray-to-buffer "^3.1.5"
    yaeti "^0.0.6"

whatwg-fetch@>=0.10.0:
  version "3.0.0"
  resolved "https://registry.yarnpkg.com/whatwg-fetch/-/whatwg-fetch-3.0.0.tgz#fc804e458cc460009b1a2b966bc8817d2578aefb"

wrappy@1:
  version "1.0.2"
  resolved "https://registry.yarnpkg.com/wrappy/-/wrappy-1.0.2.tgz#b5243d8f3ec1aa35f1364605bc0d1036e30ab69f"

xhr-request-promise@^0.1.2:
  version "0.1.2"
  resolved "https://registry.yarnpkg.com/xhr-request-promise/-/xhr-request-promise-0.1.2.tgz#343c44d1ee7726b8648069682d0f840c83b4261d"
  dependencies:
    xhr-request "^1.0.1"

xhr-request@^1.0.1:
  version "1.1.0"
  resolved "https://registry.yarnpkg.com/xhr-request/-/xhr-request-1.1.0.tgz#f4a7c1868b9f198723444d82dcae317643f2e2ed"
  dependencies:
    buffer-to-arraybuffer "^0.0.5"
    object-assign "^4.1.1"
    query-string "^5.0.1"
    simple-get "^2.7.0"
    timed-out "^4.0.1"
    url-set-query "^1.0.0"
    xhr "^2.0.4"

xhr@^2.0.4:
  version "2.5.0"
  resolved "https://registry.yarnpkg.com/xhr/-/xhr-2.5.0.tgz#bed8d1676d5ca36108667692b74b316c496e49dd"
  dependencies:
    global "~4.3.0"
    is-function "^1.0.1"
    parse-headers "^2.0.0"
    xtend "^4.0.0"

xtend@^4.0.0:
  version "4.0.1"
  resolved "https://registry.yarnpkg.com/xtend/-/xtend-4.0.1.tgz#a5c6d532be656e23db820efb943a1f04998d63af"

xxhashjs@^0.2.2:
  version "0.2.2"
  resolved "https://registry.yarnpkg.com/xxhashjs/-/xxhashjs-0.2.2.tgz#8a6251567621a1c46a5ae204da0249c7f8caa9d8"
  dependencies:
    cuint "^0.2.2"

yaeti@^0.0.6:
  version "0.0.6"
  resolved "https://registry.yarnpkg.com/yaeti/-/yaeti-0.0.6.tgz#f26f484d72684cf42bedfb76970aa1608fbf9577"
